
Microsoft Visual Studio Solution File, Format Version 12.00
# Visual Studio 15
VisualStudioVersion = 15.0.25807.0
MinimumVisualStudioVersion = 10.0.40219.1
Project("{2150E333-8FDC-42A3-9474-1A3956D46DE8}") = "Engine", "Engine", "{E2E90E92-D1B6-4C66-B3F7-8CF819140D11}"
EndProject
Project("{2150E333-8FDC-42A3-9474-1A3956D46DE8}") = "Games", "Games", "{7AA2D750-0A34-4281-A4B4-559A944AA31C}"
EndProject
Project("{8BC9CEB8-8B4A-11D0-8D11-00A0C91BC942}") = "UE4", "Intermediate\ProjectFiles\UE4.vcxproj", "{52247C0E-986C-4692-8071-2F3802AB445C}"
EndProject
Project("{8BC9CEB8-8B4A-11D0-8D11-00A0C91BC942}") = "BatteryCollector", "Intermediate\ProjectFiles\BatteryCollector.vcxproj", "{6B0AD7F1-0619-4D8C-83EA-9FFA49962A48}"
EndProject
Project("{2150E333-8FDC-42A3-9474-1A3956D46DE8}") = "Visualizers", "Visualizers", "{D738A295-CD73-43CB-A192-F7AB36B67DCD}"
	ProjectSection(SolutionItems) = preProject
		C:\Program Files\Epic Games\UE_4.21\Engine\Extras\VisualStudioDebugging\UE4.natvis = C:\Program Files\Epic Games\UE_4.21\Engine\Extras\VisualStudioDebugging\UE4.natvis
	EndProjectSection
EndProject
Global
	GlobalSection(SolutionConfigurationPlatforms) = preSolution
		DebugGame Editor|HTML5 = DebugGame Editor|HTML5
		DebugGame Editor|Win32 = DebugGame Editor|Win32
		DebugGame Editor|Win64 = DebugGame Editor|Win64
		DebugGame|HTML5 = DebugGame|HTML5
		DebugGame|Win32 = DebugGame|Win32
		DebugGame|Win64 = DebugGame|Win64
		Development Editor|HTML5 = Development Editor|HTML5
		Development Editor|Win32 = Development Editor|Win32
		Development Editor|Win64 = Development Editor|Win64
		Development|HTML5 = Development|HTML5
		Development|Win32 = Development|Win32
		Development|Win64 = Development|Win64
		Shipping|HTML5 = Shipping|HTML5
		Shipping|Win32 = Shipping|Win32
		Shipping|Win64 = Shipping|Win64
	EndGlobalSection
	GlobalSection(ProjectConfigurationPlatforms) = postSolution
		{52247C0E-986C-4692-8071-2F3802AB445C}.DebugGame Editor|HTML5.ActiveCfg = BuiltWithUnrealBuildTool|Win32
		{52247C0E-986C-4692-8071-2F3802AB445C}.DebugGame Editor|Win32.ActiveCfg = BuiltWithUnrealBuildTool|Win32
		{52247C0E-986C-4692-8071-2F3802AB445C}.DebugGame Editor|Win64.ActiveCfg = BuiltWithUnrealBuildTool|Win32
		{52247C0E-986C-4692-8071-2F3802AB445C}.DebugGame|HTML5.ActiveCfg = BuiltWithUnrealBuildTool|Win32
		{52247C0E-986C-4692-8071-2F3802AB445C}.DebugGame|Win32.ActiveCfg = BuiltWithUnrealBuildTool|Win32
		{52247C0E-986C-4692-8071-2F3802AB445C}.DebugGame|Win64.ActiveCfg = BuiltWithUnrealBuildTool|Win32
		{52247C0E-986C-4692-8071-2F3802AB445C}.Development Editor|HTML5.ActiveCfg = BuiltWithUnrealBuildTool|Win32
		{52247C0E-986C-4692-8071-2F3802AB445C}.Development Editor|Win32.ActiveCfg = BuiltWithUnrealBuildTool|Win32
		{52247C0E-986C-4692-8071-2F3802AB445C}.Development Editor|Win64.ActiveCfg = BuiltWithUnrealBuildTool|Win32
		{52247C0E-986C-4692-8071-2F3802AB445C}.Development|HTML5.ActiveCfg = BuiltWithUnrealBuildTool|Win32
		{52247C0E-986C-4692-8071-2F3802AB445C}.Development|Win32.ActiveCfg = BuiltWithUnrealBuildTool|Win32
		{52247C0E-986C-4692-8071-2F3802AB445C}.Development|Win64.ActiveCfg = BuiltWithUnrealBuildTool|Win32
		{52247C0E-986C-4692-8071-2F3802AB445C}.Shipping|HTML5.ActiveCfg = BuiltWithUnrealBuildTool|Win32
		{52247C0E-986C-4692-8071-2F3802AB445C}.Shipping|Win32.ActiveCfg = BuiltWithUnrealBuildTool|Win32
		{52247C0E-986C-4692-8071-2F3802AB445C}.Shipping|Win64.ActiveCfg = BuiltWithUnrealBuildTool|Win32
		{6B0AD7F1-0619-4D8C-83EA-9FFA49962A48}.DebugGame Editor|HTML5.ActiveCfg = Invalid|Win32
		{6B0AD7F1-0619-4D8C-83EA-9FFA49962A48}.DebugGame Editor|Win32.ActiveCfg = Invalid|Win32
		{6B0AD7F1-0619-4D8C-83EA-9FFA49962A48}.DebugGame Editor|Win64.ActiveCfg = DebugGame_Editor|x64
		{6B0AD7F1-0619-4D8C-83EA-9FFA49962A48}.DebugGame Editor|Win64.Build.0 = DebugGame_Editor|x64
		{6B0AD7F1-0619-4D8C-83EA-9FFA49962A48}.DebugGame|HTML5.ActiveCfg = HTML5_DebugGame|Win32
		{6B0AD7F1-0619-4D8C-83EA-9FFA49962A48}.DebugGame|HTML5.Build.0 = HTML5_DebugGame|Win32
		{6B0AD7F1-0619-4D8C-83EA-9FFA49962A48}.DebugGame|Win32.ActiveCfg = DebugGame|Win32
		{6B0AD7F1-0619-4D8C-83EA-9FFA49962A48}.DebugGame|Win32.Build.0 = DebugGame|Win32
		{6B0AD7F1-0619-4D8C-83EA-9FFA49962A48}.DebugGame|Win64.ActiveCfg = DebugGame|x64
		{6B0AD7F1-0619-4D8C-83EA-9FFA49962A48}.DebugGame|Win64.Build.0 = DebugGame|x64
		{6B0AD7F1-0619-4D8C-83EA-9FFA49962A48}.Development Editor|HTML5.ActiveCfg = Invalid|Win32
		{6B0AD7F1-0619-4D8C-83EA-9FFA49962A48}.Development Editor|Win32.ActiveCfg = Invalid|Win32
		{6B0AD7F1-0619-4D8C-83EA-9FFA49962A48}.Development Editor|Win64.ActiveCfg = Development_Editor|x64
		{6B0AD7F1-0619-4D8C-83EA-9FFA49962A48}.Development Editor|Win64.Build.0 = Development_Editor|x64
		{6B0AD7F1-0619-4D8C-83EA-9FFA49962A48}.Development|HTML5.ActiveCfg = HTML5_Development|Win32
		{6B0AD7F1-0619-4D8C-83EA-9FFA49962A48}.Development|HTML5.Build.0 = HTML5_Development|Win32
		{6B0AD7F1-0619-4D8C-83EA-9FFA49962A48}.Development|Win32.ActiveCfg = Development|Win32
		{6B0AD7F1-0619-4D8C-83EA-9FFA49962A48}.Development|Win32.Build.0 = Development|Win32
		{6B0AD7F1-0619-4D8C-83EA-9FFA49962A48}.Development|Win64.ActiveCfg = Development|x64
		{6B0AD7F1-0619-4D8C-83EA-9FFA49962A48}.Development|Win64.Build.0 = Development|x64
		{6B0AD7F1-0619-4D8C-83EA-9FFA49962A48}.Shipping|HTML5.ActiveCfg = HTML5_Shipping|Win32
		{6B0AD7F1-0619-4D8C-83EA-9FFA49962A48}.Shipping|HTML5.Build.0 = HTML5_Shipping|Win32
		{6B0AD7F1-0619-4D8C-83EA-9FFA49962A48}.Shipping|Win32.ActiveCfg = Shipping|Win32
		{6B0AD7F1-0619-4D8C-83EA-9FFA49962A48}.Shipping|Win32.Build.0 = Shipping|Win32
		{6B0AD7F1-0619-4D8C-83EA-9FFA49962A48}.Shipping|Win64.ActiveCfg = Shipping|x64
		{6B0AD7F1-0619-4D8C-83EA-9FFA49962A48}.Shipping|Win64.Build.0 = Shipping|x64
	EndGlobalSection
	GlobalSection(SolutionProperties) = preSolution
		HideSolutionNode = FALSE
	EndGlobalSection
	GlobalSection(NestedProjects) = preSolution
		{52247C0E-986C-4692-8071-2F3802AB445C} = {E2E90E92-D1B6-4C66-B3F7-8CF819140D11}
		{6B0AD7F1-0619-4D8C-83EA-9FFA49962A48} = {7AA2D750-0A34-4281-A4B4-559A944AA31C}
	EndGlobalSection
EndGlobal
